
Microsoft Visual Studio Solution File, Format Version 12.00
# Visual Studio Version 17
VisualStudioVersion = 17.6.33815.320
MinimumVisualStudioVersion = 10.0.40219.1
Project("{FAE04EC0-301F-11D3-BF4B-00C04F79EFBC}") = "SimplifiedSlotMachine", "SimplifiedSlotMachine.csproj", "{55FD1DFE-CE9D-4CD9-997A-A6F7381E75A6}"
EndProject
Global
	GlobalSection(SolutionConfigurationPlatforms) = preSolution
		Debug|Any CPU = Debug|Any CPU
		Release|Any CPU = Release|Any CPU
	EndGlobalSection
	GlobalSection(ProjectConfigurationPlatforms) = postSolution
		{55FD1DFE-CE9D-4CD9-997A-A6F7381E75A6}.Debug|Any CPU.ActiveCfg = Debug|Any CPU
		{55FD1DFE-CE9D-4CD9-997A-A6F7381E75A6}.Debug|Any CPU.Build.0 = Debug|Any CPU
		{55FD1DFE-CE9D-4CD9-997A-A6F7381E75A6}.Release|Any CPU.ActiveCfg = Release|Any CPU
		{55FD1DFE-CE9D-4CD9-997A-A6F7381E75A6}.Release|Any CPU.Build.0 = Release|Any CPU
	EndGlobalSection
	GlobalSection(SolutionProperties) = preSolution
		HideSolutionNode = FALSE
	EndGlobalSection
	GlobalSection(ExtensibilityGlobals) = postSolution
		SolutionGuid = {977A796D-9680-4F18-B8BF-E2092322BA8C}
	EndGlobalSection
EndGlobal
